
Microsoft Visual Studio Solution File, Format Version 12.00
# Visual Studio Version 17
VisualStudioVersion = 17.7.34003.232
MinimumVisualStudioVersion = 10.0.40219.1
Project("{FAE04EC0-301F-11D3-BF4B-00C04F79EFBC}") = "DiziElemanSayisiArttirma", "DiziElemanSayisiArttirma\DiziElemanSayisiArttirma.csproj", "{EEFA120B-D644-440C-BE64-5385B3706CCC}"
EndProject
Global
	GlobalSection(SolutionConfigurationPlatforms) = preSolution
		Debug|Any CPU = Debug|Any CPU
		Release|Any CPU = Release|Any CPU
	EndGlobalSection
	GlobalSection(ProjectConfigurationPlatforms) = postSolution
		{EEFA120B-D644-440C-BE64-5385B3706CCC}.Debug|Any CPU.ActiveCfg = Debug|Any CPU
		{EEFA120B-D644-440C-BE64-5385B3706CCC}.Debug|Any CPU.Build.0 = Debug|Any CPU
		{EEFA120B-D644-440C-BE64-5385B3706CCC}.Release|Any CPU.ActiveCfg = Release|Any CPU
		{EEFA120B-D644-440C-BE64-5385B3706CCC}.Release|Any CPU.Build.0 = Release|Any CPU
	EndGlobalSection
	GlobalSection(SolutionProperties) = preSolution
		HideSolutionNode = FALSE
	EndGlobalSection
	GlobalSection(ExtensibilityGlobals) = postSolution
		SolutionGuid = {0EAE7736-2E96-47CB-995A-A2CBFC586B4F}
	EndGlobalSection
EndGlobal
