
Microsoft Visual Studio Solution File, Format Version 12.00
# Visual Studio Version 17
VisualStudioVersion = 17.7.34003.232
MinimumVisualStudioVersion = 10.0.40219.1
Project("{FAE04EC0-301F-11D3-BF4B-00C04F79EFBC}") = "OdevCozumleri", "OdevCozumleri\OdevCozumleri.csproj", "{91A036D7-1917-4E04-9C06-559D7105292E}"
EndProject
Global
	GlobalSection(SolutionConfigurationPlatforms) = preSolution
		Debug|Any CPU = Debug|Any CPU
		Release|Any CPU = Release|Any CPU
	EndGlobalSection
	GlobalSection(ProjectConfigurationPlatforms) = postSolution
		{91A036D7-1917-4E04-9C06-559D7105292E}.Debug|Any CPU.ActiveCfg = Debug|Any CPU
		{91A036D7-1917-4E04-9C06-559D7105292E}.Debug|Any CPU.Build.0 = Debug|Any CPU
		{91A036D7-1917-4E04-9C06-559D7105292E}.Release|Any CPU.ActiveCfg = Release|Any CPU
		{91A036D7-1917-4E04-9C06-559D7105292E}.Release|Any CPU.Build.0 = Release|Any CPU
	EndGlobalSection
	GlobalSection(SolutionProperties) = preSolution
		HideSolutionNode = FALSE
	EndGlobalSection
	GlobalSection(ExtensibilityGlobals) = postSolution
		SolutionGuid = {A5841AA6-D126-40BF-9EC0-FCA07412D6E1}
	EndGlobalSection
EndGlobal
