
Microsoft Visual Studio Solution File, Format Version 12.00
# Visual Studio Version 17
VisualStudioVersion = 17.7.34003.232
MinimumVisualStudioVersion = 10.0.40219.1
Project("{FAE04EC0-301F-11D3-BF4B-00C04F79EFBC}") = "MetotKavrami", "MetotKavrami\MetotKavrami.csproj", "{505D0D93-BA5F-4E01-9ED5-C227EE9C826D}"
EndProject
Global
	GlobalSection(SolutionConfigurationPlatforms) = preSolution
		Debug|Any CPU = Debug|Any CPU
		Release|Any CPU = Release|Any CPU
	EndGlobalSection
	GlobalSection(ProjectConfigurationPlatforms) = postSolution
		{505D0D93-BA5F-4E01-9ED5-C227EE9C826D}.Debug|Any CPU.ActiveCfg = Debug|Any CPU
		{505D0D93-BA5F-4E01-9ED5-C227EE9C826D}.Debug|Any CPU.Build.0 = Debug|Any CPU
		{505D0D93-BA5F-4E01-9ED5-C227EE9C826D}.Release|Any CPU.ActiveCfg = Release|Any CPU
		{505D0D93-BA5F-4E01-9ED5-C227EE9C826D}.Release|Any CPU.Build.0 = Release|Any CPU
	EndGlobalSection
	GlobalSection(SolutionProperties) = preSolution
		HideSolutionNode = FALSE
	EndGlobalSection
	GlobalSection(ExtensibilityGlobals) = postSolution
		SolutionGuid = {EDC84F48-234A-459E-93D2-43AB7E7CC3C0}
	EndGlobalSection
EndGlobal
