
Microsoft Visual Studio Solution File, Format Version 12.00
# Visual Studio Version 17
VisualStudioVersion = 17.7.34003.232
MinimumVisualStudioVersion = 10.0.40219.1
Project("{FAE04EC0-301F-11D3-BF4B-00C04F79EFBC}") = "ErdalBakkal2", "ErdalBakkal2\ErdalBakkal2.csproj", "{DA7F31E1-CF2B-44BB-A3D3-C331F30EE193}"
EndProject
Global
	GlobalSection(SolutionConfigurationPlatforms) = preSolution
		Debug|Any CPU = Debug|Any CPU
		Release|Any CPU = Release|Any CPU
	EndGlobalSection
	GlobalSection(ProjectConfigurationPlatforms) = postSolution
		{DA7F31E1-CF2B-44BB-A3D3-C331F30EE193}.Debug|Any CPU.ActiveCfg = Debug|Any CPU
		{DA7F31E1-CF2B-44BB-A3D3-C331F30EE193}.Debug|Any CPU.Build.0 = Debug|Any CPU
		{DA7F31E1-CF2B-44BB-A3D3-C331F30EE193}.Release|Any CPU.ActiveCfg = Release|Any CPU
		{DA7F31E1-CF2B-44BB-A3D3-C331F30EE193}.Release|Any CPU.Build.0 = Release|Any CPU
	EndGlobalSection
	GlobalSection(SolutionProperties) = preSolution
		HideSolutionNode = FALSE
	EndGlobalSection
	GlobalSection(ExtensibilityGlobals) = postSolution
		SolutionGuid = {D1315171-3830-40EE-A125-22621870D04C}
	EndGlobalSection
EndGlobal
